
Microsoft Visual Studio Solution File, Format Version 12.00
# Visual Studio Version 16
VisualStudioVersion = 16.0.30717.126
MinimumVisualStudioVersion = 10.0.40219.1
Project("{FAE04EC0-301F-11D3-BF4B-00C04F79EFBC}") = "PhoenixClient", "PhoenixClient.csproj", "{A3032144-1DDF-4B4C-921C-9DFE2CB0FBD7}"
EndProject
Global
	GlobalSection(SolutionConfigurationPlatforms) = preSolution
		Debug|Any CPU = Debug|Any CPU
		Release|Any CPU = Release|Any CPU
	EndGlobalSection
	GlobalSection(ProjectConfigurationPlatforms) = postSolution
		{A3032144-1DDF-4B4C-921C-9DFE2CB0FBD7}.Debug|Any CPU.ActiveCfg = Debug|Any CPU
		{A3032144-1DDF-4B4C-921C-9DFE2CB0FBD7}.Debug|Any CPU.Build.0 = Debug|Any CPU
		{A3032144-1DDF-4B4C-921C-9DFE2CB0FBD7}.Release|Any CPU.ActiveCfg = Release|Any CPU
		{A3032144-1DDF-4B4C-921C-9DFE2CB0FBD7}.Release|Any CPU.Build.0 = Release|Any CPU
	EndGlobalSection
	GlobalSection(SolutionProperties) = preSolution
		HideSolutionNode = FALSE
	EndGlobalSection
	GlobalSection(ExtensibilityGlobals) = postSolution
		SolutionGuid = {7E2BE000-F748-49FF-A3C9-1FA205D08764}
	EndGlobalSection
EndGlobal
